
Microsoft Visual Studio Solution File, Format Version 12.00
# Visual Studio Version 16
VisualStudioVersion = 16.0.31702.278
MinimumVisualStudioVersion = 10.0.40219.1
Project("{FAE04EC0-301F-11D3-BF4B-00C04F79EFBC}") = "Server1", "Server1\Server1.csproj", "{A4412159-0F4F-465E-B7EB-A0F7FE2ED48F}"
EndProject
Global
	GlobalSection(SolutionConfigurationPlatforms) = preSolution
		Debug|Any CPU = Debug|Any CPU
		Release|Any CPU = Release|Any CPU
	EndGlobalSection
	GlobalSection(ProjectConfigurationPlatforms) = postSolution
		{A4412159-0F4F-465E-B7EB-A0F7FE2ED48F}.Debug|Any CPU.ActiveCfg = Debug|Any CPU
		{A4412159-0F4F-465E-B7EB-A0F7FE2ED48F}.Debug|Any CPU.Build.0 = Debug|Any CPU
		{A4412159-0F4F-465E-B7EB-A0F7FE2ED48F}.Release|Any CPU.ActiveCfg = Release|Any CPU
		{A4412159-0F4F-465E-B7EB-A0F7FE2ED48F}.Release|Any CPU.Build.0 = Release|Any CPU
	EndGlobalSection
	GlobalSection(SolutionProperties) = preSolution
		HideSolutionNode = FALSE
	EndGlobalSection
	GlobalSection(ExtensibilityGlobals) = postSolution
		SolutionGuid = {EDC38370-A762-424C-8517-B1E2EAFC3E16}
	EndGlobalSection
EndGlobal
